{
  "version": 4,
  "terraform_version": "1.4.5",
  "serial": 26,
  "lineage": "68820015-8e2e-2276-823d-f22947885825",
  "outputs": {
    "cluster-id": {
      "value": "740065c5-6ead-4cad-b1b6-16bc08bf7497",
      "type": "string"
    },
    "cluster_info": {
      "value": "Kubernetes cluster kube1 is running",
      "type": "string"
    },
    "kubeconfig": {
      "value": [
        {
          "client_certificate": "",
          "client_key": "",
          "cluster_ca_certificate": "LS0tLS1CRUdJTiBDRVJUSUZJQ0FURS0tLS0tCk1JSURKekNDQWcrZ0F3SUJBZ0lDQm5Vd0RRWUpLb1pJaHZjTkFRRUxCUUF3TXpFVk1CTUdBMVVFQ2hNTVJHbG4KYVhSaGJFOWpaV0Z1TVJvd0dBWURWUVFERXhGck9ITmhZWE1nUTJ4MWMzUmxjaUJEUVRBZUZ3MHlNekEwTVRneApNREE1TkRoYUZ3MDBNekEwTVRneE1EQTVORGhhTURNeEZUQVRCZ05WQkFvVERFUnBaMmwwWVd4UFkyVmhiakVhCk1CZ0dBMVVFQXhNUmF6aHpZV0Z6SUVOc2RYTjBaWElnUTBFd2dnRWlNQTBHQ1NxR1NJYjNEUUVCQVFVQUE0SUIKRHdBd2dnRUtBb0lCQVFDd20zQXlaT1RhWjBoZDlxT3YvZjU3TmlWdDB5N0hsUldBQ3JNSjdPdmlqVlVpY25YZgpuMTFiYnNuUUdEemZMQVIya1RxdG1wVTY2WWVqVG9GWFIwVXhkeUZJZFBLa3c5Ky9DNVl3ZUFvR2ZHSWFTQW1jCjlHU0tBK3BjUDdQSHJlK0M0VC82REx3ZVp3MDBhaVFRbjJqalB4RTVIdGdnZWxMRFowZnZwNVNud3lpbVU3dXUKbzFkcjFYUVppK1dJK2Y5VDk1YTRBTUorZUhGYzFDNFA5TUovVGI2MTlrY3RzVzVadHh3N25rdEROYWs2WnZrYQpRMk9Vcmh2VjVRUmd2M2d6NFAvRlpKbElMMUp4ZW1qYURHSjhHQytGQVNyV2t0L2ZtdlV6N1lJQjhWcEx1S2ZxCkxaM1hVTVFyb1VVcXpUU0JxdXBYK05tdkkvM3lzYUltKzlJSEFnTUJBQUdqUlRCRE1BNEdBMVVkRHdFQi93UUUKQXdJQmhqQVNCZ05WSFJNQkFmOEVDREFHQVFIL0FnRUFNQjBHQTFVZERnUVdCQlJIR2FCSSt1cXlSQTRoYkJDUQpuRW1Mci9VNm9qQU5CZ2txaGtpRzl3MEJBUXNGQUFPQ0FRRUFkSFNtNm1yWnRCc0N0WjJEcG9La1dMTEFGTEZiClJiMTZQbWdmWnZUQThzMUd1MktYMWN5Y21GbWZSSUdxeERWMkxDOTdyUDRIenhSOGQ5aTJrcEFoUXBkZjdHQkkKUzNYaC8yT09jU1BMYllWYWdrT3BtRW1BOGl4VU43ZDRsdEtQRi8zRGhSczB5dGl6TFpaSFZLb2wzTFJibW1JZgoyR1FhZCsxVmM1dGgrSEFxK29xVHdWcngzMDAydERHNFFjWmcyVzRHVDJIT1pZMytsSUZKMkFhYlpOcVJIYURFCm8zOUczSUo2eG9WSjhiczZvMlRqdzFVQS9kUGxySUNUR1h6MHY4d1ZieTVra2ZQUFlxZm1yQTAxWjVERUdLOHIKUXhSL0k3VVYwNDVlcEJjZTBuanE2Mk5zVmdZMXVRQmZ0N1RoZFlJTUYwTVBxRyt0WlJQWW8zNlhhdz09Ci0tLS0tRU5EIENFUlRJRklDQVRFLS0tLS0K",
          "expires_at": "2023-04-25T10:14:31Z",
          "host": "https://740065c5-6ead-4cad-b1b6-16bc08bf7497.k8s.ondigitalocean.com",
          "raw_config": "apiVersion: v1\nkind: Config\nclusters:\n- cluster:\n    certificate-authority-data: LS0tLS1CRUdJTiBDRVJUSUZJQ0FURS0tLS0tCk1JSURKekNDQWcrZ0F3SUJBZ0lDQm5Vd0RRWUpLb1pJaHZjTkFRRUxCUUF3TXpFVk1CTUdBMVVFQ2hNTVJHbG4KYVhSaGJFOWpaV0Z1TVJvd0dBWURWUVFERXhGck9ITmhZWE1nUTJ4MWMzUmxjaUJEUVRBZUZ3MHlNekEwTVRneApNREE1TkRoYUZ3MDBNekEwTVRneE1EQTVORGhhTURNeEZUQVRCZ05WQkFvVERFUnBaMmwwWVd4UFkyVmhiakVhCk1CZ0dBMVVFQXhNUmF6aHpZV0Z6SUVOc2RYTjBaWElnUTBFd2dnRWlNQTBHQ1NxR1NJYjNEUUVCQVFVQUE0SUIKRHdBd2dnRUtBb0lCQVFDd20zQXlaT1RhWjBoZDlxT3YvZjU3TmlWdDB5N0hsUldBQ3JNSjdPdmlqVlVpY25YZgpuMTFiYnNuUUdEemZMQVIya1RxdG1wVTY2WWVqVG9GWFIwVXhkeUZJZFBLa3c5Ky9DNVl3ZUFvR2ZHSWFTQW1jCjlHU0tBK3BjUDdQSHJlK0M0VC82REx3ZVp3MDBhaVFRbjJqalB4RTVIdGdnZWxMRFowZnZwNVNud3lpbVU3dXUKbzFkcjFYUVppK1dJK2Y5VDk1YTRBTUorZUhGYzFDNFA5TUovVGI2MTlrY3RzVzVadHh3N25rdEROYWs2WnZrYQpRMk9Vcmh2VjVRUmd2M2d6NFAvRlpKbElMMUp4ZW1qYURHSjhHQytGQVNyV2t0L2ZtdlV6N1lJQjhWcEx1S2ZxCkxaM1hVTVFyb1VVcXpUU0JxdXBYK05tdkkvM3lzYUltKzlJSEFnTUJBQUdqUlRCRE1BNEdBMVVkRHdFQi93UUUKQXdJQmhqQVNCZ05WSFJNQkFmOEVDREFHQVFIL0FnRUFNQjBHQTFVZERnUVdCQlJIR2FCSSt1cXlSQTRoYkJDUQpuRW1Mci9VNm9qQU5CZ2txaGtpRzl3MEJBUXNGQUFPQ0FRRUFkSFNtNm1yWnRCc0N0WjJEcG9La1dMTEFGTEZiClJiMTZQbWdmWnZUQThzMUd1MktYMWN5Y21GbWZSSUdxeERWMkxDOTdyUDRIenhSOGQ5aTJrcEFoUXBkZjdHQkkKUzNYaC8yT09jU1BMYllWYWdrT3BtRW1BOGl4VU43ZDRsdEtQRi8zRGhSczB5dGl6TFpaSFZLb2wzTFJibW1JZgoyR1FhZCsxVmM1dGgrSEFxK29xVHdWcngzMDAydERHNFFjWmcyVzRHVDJIT1pZMytsSUZKMkFhYlpOcVJIYURFCm8zOUczSUo2eG9WSjhiczZvMlRqdzFVQS9kUGxySUNUR1h6MHY4d1ZieTVra2ZQUFlxZm1yQTAxWjVERUdLOHIKUXhSL0k3VVYwNDVlcEJjZTBuanE2Mk5zVmdZMXVRQmZ0N1RoZFlJTUYwTVBxRyt0WlJQWW8zNlhhdz09Ci0tLS0tRU5EIENFUlRJRklDQVRFLS0tLS0K\n    server: https://740065c5-6ead-4cad-b1b6-16bc08bf7497.k8s.ondigitalocean.com\n  name: do-ams3-kube1\ncontexts:\n- context:\n    cluster: do-ams3-kube1\n    user: do-ams3-kube1-admin\n  name: do-ams3-kube1\ncurrent-context: do-ams3-kube1\nusers:\n- name: do-ams3-kube1-admin\n  user:\n    token: dop_v1_0b97894d4f33435119ce08dbe0f09ce37a297718edff68d80521fc073e5edc32\n",
          "token": "dop_v1_0b97894d4f33435119ce08dbe0f09ce37a297718edff68d80521fc073e5edc32"
        }
      ],
      "type": [
        "list",
        [
          "object",
          {
            "client_certificate": "string",
            "client_key": "string",
            "cluster_ca_certificate": "string",
            "expires_at": "string",
            "host": "string",
            "raw_config": "string",
            "token": "string"
          }
        ]
      ],
      "sensitive": true
    }
  },
  "resources": [
    {
      "mode": "data",
      "type": "digitalocean_domain",
      "name": "web",
      "provider": "provider[\"registry.terraform.io/digitalocean/digitalocean\"]",
      "instances": [
        {
          "schema_version": 0,
          "attributes": {
            "id": "kondratov.uk",
            "name": "kondratov.uk",
            "ttl": 1800,
            "urn": "do:domain:kondratov.uk",
            "zone_file": "$ORIGIN kondratov.uk.\n$TTL 1800\nkondratov.uk. IN SOA ns1.digitalocean.com. hostmaster.kondratov.uk. 1681812620 10800 3600 604800 1800\nkondratov.uk. 1800 IN NS ns1.digitalocean.com.\nkondratov.uk. 1800 IN NS ns2.digitalocean.com.\nkondratov.uk. 1800 IN NS ns3.digitalocean.com.\nweb-srv.kondratov.uk. 300 IN A 157.245.66.154\nbastion.kondratov.uk. 300 IN A 167.172.41.43\n"
          },
          "sensitive_attributes": []
        }
      ]
    },
    {
      "mode": "data",
      "type": "digitalocean_ssh_key",
      "name": "k3s-1",
      "provider": "provider[\"registry.terraform.io/digitalocean/digitalocean\"]",
      "instances": [
        {
          "schema_version": 0,
          "attributes": {
            "fingerprint": "b7:44:7a:85:40:81:b6:67:69:ed:38:79:c2:48:6d:38",
            "id": 38050431,
            "name": "k3s-1",
            "public_key": "ssh-rsa AAAAB3NzaC1yc2EAAAADAQABAAABgQC5WUa1W2huGpMOZP3iY1xdz3XNdZRmj1rHLDQmlAcnStomz8DP0DGUU/tygbHMTXHBRNTi45uZdFjOoNCjo0oziQ1Sh1RRNkGV3UCtMFiJgu3NBB4M7KkQFfjDxXysYtkzYXFiYT1XiYMWwcgzrd+o8UAs6/jlgq+vV6IFDo1GtzASP8bTNZhbMUEhZ9k7CXC34ET28Jz/LP3cK/znn5Z1Kc2jpj38RrT3aywoZ8e1fVJNxwkFZml1lsIgjQN3yfRCLUTBlgEYmknpS/bFT57zPVF/zidZ4oU64KZx2TF2yh7T5f/1X+4j/50AQXeVpHej8U1uZQ25IvUYL8qVPw9268hEaSS9nM2b6gmqPi6tRH0SNCZqr7JZ7DvpKLRBHl1MCMwdg0qiTm7duTxLc2kTZZd4zsPLlQcY1Xwfj0UXcGwizKw1u6M//8QgyJn5S3iFsuoa7WiYJ+gBYVOX8emDMFUvPW+RjzFhH9Kr22u35kihxbXLMJcztCyy/oAR/Hc= "
          },
          "sensitive_attributes": []
        }
      ]
    },
    {
      "mode": "data",
      "type": "digitalocean_vpc",
      "name": "local-vpc",
      "provider": "provider[\"registry.terraform.io/digitalocean/digitalocean\"]",
      "instances": [
        {
          "schema_version": 0,
          "attributes": {
            "created_at": "2023-04-16 03:08:00 +0000 UTC",
            "default": true,
            "description": "",
            "id": "d15ada3f-ae57-49ae-a405-224159cb162b",
            "ip_range": "192.168.34.0/24",
            "name": "local-vpc",
            "region": "ams3",
            "urn": "do:vpc:d15ada3f-ae57-49ae-a405-224159cb162b"
          },
          "sensitive_attributes": []
        }
      ]
    },
    {
      "mode": "managed",
      "type": "digitalocean_droplet",
      "name": "bastion",
      "provider": "provider[\"registry.terraform.io/digitalocean/digitalocean\"]",
      "instances": [
        {
          "schema_version": 1,
          "attributes": {
            "backups": false,
            "created_at": "2023-04-18T10:09:39Z",
            "disk": 10,
            "droplet_agent": null,
            "graceful_shutdown": false,
            "id": "351274712",
            "image": "ubuntu-22-04-x64",
            "ipv4_address": "167.172.41.43",
            "ipv4_address_private": "192.168.34.2",
            "ipv6": false,
            "ipv6_address": "",
            "locked": false,
            "memory": 512,
            "monitoring": false,
            "name": "bastion",
            "price_hourly": 0.00595,
            "price_monthly": 4,
            "private_networking": true,
            "region": "ams3",
            "resize_disk": false,
            "size": "s-1vcpu-512mb-10gb",
            "ssh_keys": [
              "38050431"
            ],
            "status": "active",
            "tags": [],
            "timeouts": null,
            "urn": "do:droplet:351274712",
            "user_data": null,
            "vcpus": 1,
            "volume_ids": [],
            "vpc_uuid": "d15ada3f-ae57-49ae-a405-224159cb162b"
          },
          "sensitive_attributes": [],
          "private": "eyJlMmJmYjczMC1lY2FhLTExZTYtOGY4OC0zNDM2M2JjN2M0YzAiOnsiY3JlYXRlIjozNjAwMDAwMDAwMDAwLCJkZWxldGUiOjYwMDAwMDAwMDAwLCJ1cGRhdGUiOjM2MDAwMDAwMDAwMDB9LCJzY2hlbWFfdmVyc2lvbiI6IjEifQ==",
          "dependencies": [
            "data.digitalocean_ssh_key.k3s-1",
            "data.digitalocean_vpc.local-vpc"
          ],
          "create_before_destroy": true
        }
      ]
    },
    {
      "mode": "managed",
      "type": "digitalocean_droplet",
      "name": "web",
      "provider": "provider[\"registry.terraform.io/digitalocean/digitalocean\"]",
      "instances": [
        {
          "schema_version": 1,
          "attributes": {
            "backups": false,
            "created_at": "2023-04-18T10:09:39Z",
            "disk": 25,
            "droplet_agent": null,
            "graceful_shutdown": false,
            "id": "351274711",
            "image": "ubuntu-22-04-x64",
            "ipv4_address": "157.245.66.154",
            "ipv4_address_private": "192.168.34.3",
            "ipv6": false,
            "ipv6_address": "",
            "locked": false,
            "memory": 1024,
            "monitoring": false,
            "name": "web-test-app-kube1",
            "price_hourly": 0.00893,
            "price_monthly": 6,
            "private_networking": true,
            "region": "ams3",
            "resize_disk": true,
            "size": "s-1vcpu-1gb",
            "ssh_keys": null,
            "status": "active",
            "tags": [
              "kube1-webserver",
              "terraform-sample-archs"
            ],
            "timeouts": null,
            "urn": "do:droplet:351274711",
            "user_data": "6bc347e8d904835f16dfed98cc8a09752579385d",
            "vcpus": 1,
            "volume_ids": [],
            "vpc_uuid": "d15ada3f-ae57-49ae-a405-224159cb162b"
          },
          "sensitive_attributes": [],
          "private": "eyJlMmJmYjczMC1lY2FhLTExZTYtOGY4OC0zNDM2M2JjN2M0YzAiOnsiY3JlYXRlIjozNjAwMDAwMDAwMDAwLCJkZWxldGUiOjYwMDAwMDAwMDAwLCJ1cGRhdGUiOjM2MDAwMDAwMDAwMDB9LCJzY2hlbWFfdmVyc2lvbiI6IjEifQ==",
          "dependencies": [
            "data.digitalocean_vpc.local-vpc"
          ],
          "create_before_destroy": true
        }
      ]
    },
    {
      "mode": "managed",
      "type": "digitalocean_kubernetes_cluster",
      "name": "primary",
      "provider": "provider[\"registry.terraform.io/digitalocean/digitalocean\"]",
      "instances": [
        {
          "schema_version": 3,
          "attributes": {
            "auto_upgrade": false,
            "cluster_subnet": "10.244.0.0/16",
            "created_at": "2023-04-18 10:09:40 +0000 UTC",
            "endpoint": "https://740065c5-6ead-4cad-b1b6-16bc08bf7497.k8s.ondigitalocean.com",
            "ha": false,
            "id": "740065c5-6ead-4cad-b1b6-16bc08bf7497",
            "ipv4_address": "",
            "kube_config": [
              {
                "client_certificate": "",
                "client_key": "",
                "cluster_ca_certificate": "LS0tLS1CRUdJTiBDRVJUSUZJQ0FURS0tLS0tCk1JSURKekNDQWcrZ0F3SUJBZ0lDQm5Vd0RRWUpLb1pJaHZjTkFRRUxCUUF3TXpFVk1CTUdBMVVFQ2hNTVJHbG4KYVhSaGJFOWpaV0Z1TVJvd0dBWURWUVFERXhGck9ITmhZWE1nUTJ4MWMzUmxjaUJEUVRBZUZ3MHlNekEwTVRneApNREE1TkRoYUZ3MDBNekEwTVRneE1EQTVORGhhTURNeEZUQVRCZ05WQkFvVERFUnBaMmwwWVd4UFkyVmhiakVhCk1CZ0dBMVVFQXhNUmF6aHpZV0Z6SUVOc2RYTjBaWElnUTBFd2dnRWlNQTBHQ1NxR1NJYjNEUUVCQVFVQUE0SUIKRHdBd2dnRUtBb0lCQVFDd20zQXlaT1RhWjBoZDlxT3YvZjU3TmlWdDB5N0hsUldBQ3JNSjdPdmlqVlVpY25YZgpuMTFiYnNuUUdEemZMQVIya1RxdG1wVTY2WWVqVG9GWFIwVXhkeUZJZFBLa3c5Ky9DNVl3ZUFvR2ZHSWFTQW1jCjlHU0tBK3BjUDdQSHJlK0M0VC82REx3ZVp3MDBhaVFRbjJqalB4RTVIdGdnZWxMRFowZnZwNVNud3lpbVU3dXUKbzFkcjFYUVppK1dJK2Y5VDk1YTRBTUorZUhGYzFDNFA5TUovVGI2MTlrY3RzVzVadHh3N25rdEROYWs2WnZrYQpRMk9Vcmh2VjVRUmd2M2d6NFAvRlpKbElMMUp4ZW1qYURHSjhHQytGQVNyV2t0L2ZtdlV6N1lJQjhWcEx1S2ZxCkxaM1hVTVFyb1VVcXpUU0JxdXBYK05tdkkvM3lzYUltKzlJSEFnTUJBQUdqUlRCRE1BNEdBMVVkRHdFQi93UUUKQXdJQmhqQVNCZ05WSFJNQkFmOEVDREFHQVFIL0FnRUFNQjBHQTFVZERnUVdCQlJIR2FCSSt1cXlSQTRoYkJDUQpuRW1Mci9VNm9qQU5CZ2txaGtpRzl3MEJBUXNGQUFPQ0FRRUFkSFNtNm1yWnRCc0N0WjJEcG9La1dMTEFGTEZiClJiMTZQbWdmWnZUQThzMUd1MktYMWN5Y21GbWZSSUdxeERWMkxDOTdyUDRIenhSOGQ5aTJrcEFoUXBkZjdHQkkKUzNYaC8yT09jU1BMYllWYWdrT3BtRW1BOGl4VU43ZDRsdEtQRi8zRGhSczB5dGl6TFpaSFZLb2wzTFJibW1JZgoyR1FhZCsxVmM1dGgrSEFxK29xVHdWcngzMDAydERHNFFjWmcyVzRHVDJIT1pZMytsSUZKMkFhYlpOcVJIYURFCm8zOUczSUo2eG9WSjhiczZvMlRqdzFVQS9kUGxySUNUR1h6MHY4d1ZieTVra2ZQUFlxZm1yQTAxWjVERUdLOHIKUXhSL0k3VVYwNDVlcEJjZTBuanE2Mk5zVmdZMXVRQmZ0N1RoZFlJTUYwTVBxRyt0WlJQWW8zNlhhdz09Ci0tLS0tRU5EIENFUlRJRklDQVRFLS0tLS0K",
                "expires_at": "2023-04-25T10:14:31Z",
                "host": "https://740065c5-6ead-4cad-b1b6-16bc08bf7497.k8s.ondigitalocean.com",
                "raw_config": "apiVersion: v1\nkind: Config\nclusters:\n- cluster:\n    certificate-authority-data: LS0tLS1CRUdJTiBDRVJUSUZJQ0FURS0tLS0tCk1JSURKekNDQWcrZ0F3SUJBZ0lDQm5Vd0RRWUpLb1pJaHZjTkFRRUxCUUF3TXpFVk1CTUdBMVVFQ2hNTVJHbG4KYVhSaGJFOWpaV0Z1TVJvd0dBWURWUVFERXhGck9ITmhZWE1nUTJ4MWMzUmxjaUJEUVRBZUZ3MHlNekEwTVRneApNREE1TkRoYUZ3MDBNekEwTVRneE1EQTVORGhhTURNeEZUQVRCZ05WQkFvVERFUnBaMmwwWVd4UFkyVmhiakVhCk1CZ0dBMVVFQXhNUmF6aHpZV0Z6SUVOc2RYTjBaWElnUTBFd2dnRWlNQTBHQ1NxR1NJYjNEUUVCQVFVQUE0SUIKRHdBd2dnRUtBb0lCQVFDd20zQXlaT1RhWjBoZDlxT3YvZjU3TmlWdDB5N0hsUldBQ3JNSjdPdmlqVlVpY25YZgpuMTFiYnNuUUdEemZMQVIya1RxdG1wVTY2WWVqVG9GWFIwVXhkeUZJZFBLa3c5Ky9DNVl3ZUFvR2ZHSWFTQW1jCjlHU0tBK3BjUDdQSHJlK0M0VC82REx3ZVp3MDBhaVFRbjJqalB4RTVIdGdnZWxMRFowZnZwNVNud3lpbVU3dXUKbzFkcjFYUVppK1dJK2Y5VDk1YTRBTUorZUhGYzFDNFA5TUovVGI2MTlrY3RzVzVadHh3N25rdEROYWs2WnZrYQpRMk9Vcmh2VjVRUmd2M2d6NFAvRlpKbElMMUp4ZW1qYURHSjhHQytGQVNyV2t0L2ZtdlV6N1lJQjhWcEx1S2ZxCkxaM1hVTVFyb1VVcXpUU0JxdXBYK05tdkkvM3lzYUltKzlJSEFnTUJBQUdqUlRCRE1BNEdBMVVkRHdFQi93UUUKQXdJQmhqQVNCZ05WSFJNQkFmOEVDREFHQVFIL0FnRUFNQjBHQTFVZERnUVdCQlJIR2FCSSt1cXlSQTRoYkJDUQpuRW1Mci9VNm9qQU5CZ2txaGtpRzl3MEJBUXNGQUFPQ0FRRUFkSFNtNm1yWnRCc0N0WjJEcG9La1dMTEFGTEZiClJiMTZQbWdmWnZUQThzMUd1MktYMWN5Y21GbWZSSUdxeERWMkxDOTdyUDRIenhSOGQ5aTJrcEFoUXBkZjdHQkkKUzNYaC8yT09jU1BMYllWYWdrT3BtRW1BOGl4VU43ZDRsdEtQRi8zRGhSczB5dGl6TFpaSFZLb2wzTFJibW1JZgoyR1FhZCsxVmM1dGgrSEFxK29xVHdWcngzMDAydERHNFFjWmcyVzRHVDJIT1pZMytsSUZKMkFhYlpOcVJIYURFCm8zOUczSUo2eG9WSjhiczZvMlRqdzFVQS9kUGxySUNUR1h6MHY4d1ZieTVra2ZQUFlxZm1yQTAxWjVERUdLOHIKUXhSL0k3VVYwNDVlcEJjZTBuanE2Mk5zVmdZMXVRQmZ0N1RoZFlJTUYwTVBxRyt0WlJQWW8zNlhhdz09Ci0tLS0tRU5EIENFUlRJRklDQVRFLS0tLS0K\n    server: https://740065c5-6ead-4cad-b1b6-16bc08bf7497.k8s.ondigitalocean.com\n  name: do-ams3-kube1\ncontexts:\n- context:\n    cluster: do-ams3-kube1\n    user: do-ams3-kube1-admin\n  name: do-ams3-kube1\ncurrent-context: do-ams3-kube1\nusers:\n- name: do-ams3-kube1-admin\n  user:\n    token: dop_v1_0b97894d4f33435119ce08dbe0f09ce37a297718edff68d80521fc073e5edc32\n",
                "token": "dop_v1_0b97894d4f33435119ce08dbe0f09ce37a297718edff68d80521fc073e5edc32"
              }
            ],
            "maintenance_policy": [
              {
                "day": "any",
                "duration": "4h0m0s",
                "start_time": "10:00"
              }
            ],
            "name": "kube1",
            "node_pool": [
              {
                "actual_node_count": 3,
                "auto_scale": false,
                "id": "346f17b5-ed03-411b-a08b-3552826f9c96",
                "labels": {
                  "priority": "high",
                  "service": "backend"
                },
                "max_nodes": 0,
                "min_nodes": 0,
                "name": "kube1-pool",
                "node_count": 3,
                "nodes": [
                  {
                    "created_at": "2023-04-18 10:09:40 +0000 UTC",
                    "droplet_id": "351274863",
                    "id": "50315eda-cbae-4e48-8f6e-4473fc87cbe3",
                    "name": "kube1-pool-f3qbv",
                    "status": "running",
                    "updated_at": "2023-04-18 10:11:47 +0000 UTC"
                  },
                  {
                    "created_at": "2023-04-18 10:09:40 +0000 UTC",
                    "droplet_id": "351274865",
                    "id": "6be6d900-02da-4095-9607-a5bdce3286da",
                    "name": "kube1-pool-f3qbd",
                    "status": "running",
                    "updated_at": "2023-04-18 10:11:12 +0000 UTC"
                  },
                  {
                    "created_at": "2023-04-18 10:09:40 +0000 UTC",
                    "droplet_id": "351274864",
                    "id": "f122ee14-dd1c-47b1-9401-778fb2e3d3be",
                    "name": "kube1-pool-f3qb0",
                    "status": "running",
                    "updated_at": "2023-04-18 10:11:47 +0000 UTC"
                  }
                ],
                "size": "s-1vcpu-2gb",
                "tags": [
                  "backend"
                ],
                "taint": []
              }
            ],
            "region": "ams3",
            "service_subnet": "10.245.0.0/16",
            "status": "running",
            "surge_upgrade": true,
            "tags": [],
            "timeouts": null,
            "updated_at": "2023-04-18 10:14:28 +0000 UTC",
            "urn": "do:kubernetes:740065c5-6ead-4cad-b1b6-16bc08bf7497",
            "version": "1.26.3-do.0",
            "vpc_uuid": "d15ada3f-ae57-49ae-a405-224159cb162b"
          },
          "sensitive_attributes": [],
          "private": "eyJlMmJmYjczMC1lY2FhLTExZTYtOGY4OC0zNDM2M2JjN2M0YzAiOnsiY3JlYXRlIjoxODAwMDAwMDAwMDAwfSwic2NoZW1hX3ZlcnNpb24iOiIzIn0=",
          "dependencies": [
            "data.digitalocean_vpc.local-vpc"
          ]
        }
      ]
    },
    {
      "mode": "managed",
      "type": "digitalocean_record",
      "name": "bastion",
      "provider": "provider[\"registry.terraform.io/digitalocean/digitalocean\"]",
      "instances": [
        {
          "schema_version": 0,
          "attributes": {
            "domain": "kondratov.uk",
            "flags": 0,
            "fqdn": "bastion.kondratov.uk",
            "id": "370912201",
            "name": "bastion",
            "port": 0,
            "priority": 0,
            "tag": "",
            "ttl": 300,
            "type": "A",
            "value": "167.172.41.43",
            "weight": 0
          },
          "sensitive_attributes": [],
          "private": "bnVsbA==",
          "dependencies": [
            "data.digitalocean_domain.web",
            "data.digitalocean_ssh_key.k3s-1",
            "data.digitalocean_vpc.local-vpc",
            "digitalocean_droplet.bastion"
          ]
        }
      ]
    },
    {
      "mode": "managed",
      "type": "digitalocean_record",
      "name": "web-srv",
      "provider": "provider[\"registry.terraform.io/digitalocean/digitalocean\"]",
      "instances": [
        {
          "schema_version": 0,
          "attributes": {
            "domain": "kondratov.uk",
            "flags": 0,
            "fqdn": "web-srv.kondratov.uk",
            "id": "370912200",
            "name": "web-srv",
            "port": 0,
            "priority": 0,
            "tag": "",
            "ttl": 300,
            "type": "A",
            "value": "157.245.66.154",
            "weight": 0
          },
          "sensitive_attributes": [],
          "private": "bnVsbA==",
          "dependencies": [
            "data.digitalocean_domain.web",
            "data.digitalocean_vpc.local-vpc",
            "digitalocean_droplet.web"
          ]
        }
      ]
    },
    {
      "mode": "managed",
      "type": "digitalocean_volume",
      "name": "db",
      "provider": "provider[\"registry.terraform.io/digitalocean/digitalocean\"]",
      "instances": [
        {
          "schema_version": 0,
          "attributes": {
            "description": null,
            "droplet_ids": [],
            "filesystem_label": null,
            "filesystem_type": null,
            "id": "3a3e8135-ddd1-11ed-9319-0a58ac148055",
            "initial_filesystem_label": null,
            "initial_filesystem_type": null,
            "name": "statuspage-db-351274711",
            "region": "ams3",
            "size": 3,
            "snapshot_id": null,
            "tags": [],
            "urn": "do:volume:3a3e8135-ddd1-11ed-9319-0a58ac148055"
          },
          "sensitive_attributes": [],
          "private": "bnVsbA==",
          "dependencies": [
            "data.digitalocean_vpc.local-vpc",
            "digitalocean_droplet.web"
          ],
          "create_before_destroy": true
        }
      ]
    }
  ],
  "check_results": null
}
